
Microsoft Visual Studio Solution File, Format Version 12.00
# Visual Studio Version 16
VisualStudioVersion = 16.0.30611.23
MinimumVisualStudioVersion = 10.0.40219.1
Project("{8BC9CEB8-8B4A-11D0-8D11-00A0C91BC942}") = "GrafTrabs", "GrafTrabs.vcxproj", "{569B939F-89CD-47F1-9BB8-E5A32F12236C}"
EndProject
Global
	GlobalSection(SolutionConfigurationPlatforms) = preSolution
		Debug|x64 = Debug|x64
		Debug|x86 = Debug|x86
		Release|x64 = Release|x64
		Release|x86 = Release|x86
	EndGlobalSection
	GlobalSection(ProjectConfigurationPlatforms) = postSolution
		{569B939F-89CD-47F1-9BB8-E5A32F12236C}.Debug|x64.ActiveCfg = Debug|x64
		{569B939F-89CD-47F1-9BB8-E5A32F12236C}.Debug|x64.Build.0 = Debug|x64
		{569B939F-89CD-47F1-9BB8-E5A32F12236C}.Debug|x86.ActiveCfg = Debug|Win32
		{569B939F-89CD-47F1-9BB8-E5A32F12236C}.Debug|x86.Build.0 = Debug|Win32
		{569B939F-89CD-47F1-9BB8-E5A32F12236C}.Release|x64.ActiveCfg = Release|x64
		{569B939F-89CD-47F1-9BB8-E5A32F12236C}.Release|x64.Build.0 = Release|x64
		{569B939F-89CD-47F1-9BB8-E5A32F12236C}.Release|x86.ActiveCfg = Release|Win32
		{569B939F-89CD-47F1-9BB8-E5A32F12236C}.Release|x86.Build.0 = Release|Win32
	EndGlobalSection
	GlobalSection(SolutionProperties) = preSolution
		HideSolutionNode = FALSE
	EndGlobalSection
	GlobalSection(ExtensibilityGlobals) = postSolution
		SolutionGuid = {01C3FE09-3CB2-4C93-AAE1-9BA37BE39E35}
	EndGlobalSection
EndGlobal
